
Microsoft Visual Studio Solution File, Format Version 12.00
# Visual Studio Version 16
VisualStudioVersion = 16.0.29306.174
MinimumVisualStudioVersion = 10.0.40219.1
Project("{FAE04EC0-301F-11D3-BF4B-00C04F79EFBC}") = "WebApplication1", "WebApplication1\WebApplication1.csproj", "{6E2F8741-BB99-4794-8FC5-3073D5450AF0}"
EndProject
Global
	GlobalSection(SolutionConfigurationPlatforms) = preSolution
		Debug|Any CPU = Debug|Any CPU
		Release|Any CPU = Release|Any CPU
	EndGlobalSection
	GlobalSection(ProjectConfigurationPlatforms) = postSolution
		{6E2F8741-BB99-4794-8FC5-3073D5450AF0}.Debug|Any CPU.ActiveCfg = Debug|Any CPU
		{6E2F8741-BB99-4794-8FC5-3073D5450AF0}.Debug|Any CPU.Build.0 = Debug|Any CPU
		{6E2F8741-BB99-4794-8FC5-3073D5450AF0}.Release|Any CPU.ActiveCfg = Release|Any CPU
		{6E2F8741-BB99-4794-8FC5-3073D5450AF0}.Release|Any CPU.Build.0 = Release|Any CPU
	EndGlobalSection
	GlobalSection(SolutionProperties) = preSolution
		HideSolutionNode = FALSE
	EndGlobalSection
	GlobalSection(ExtensibilityGlobals) = postSolution
		SolutionGuid = {7A34E43C-199B-4386-BA82-CB5F2BAD3084}
	EndGlobalSection
EndGlobal
